
Microsoft Visual Studio Solution File, Format Version 12.00
# Visual Studio Version 17
VisualStudioVersion = 17.14.36414.22
MinimumVisualStudioVersion = 10.0.40219.1
Project("{2150E333-8FDC-42A3-9474-1A3956D46DE8}") = "Task0", "Task0", "{02EA681E-C7D8-13C7-8484-4AC65E1B71E8}"
EndProject
Project("{FAE04EC0-301F-11D3-BF4B-00C04F79EFBC}") = "Tyuiu.ZheleznyakDN.Sprint2.Task0.V5", "Tyuiu.ZheleznyakDN.Sprint2.Task0.V5\Tyuiu.ZheleznyakDN.Sprint2.Task0.V5.csproj", "{4128301F-CC88-4ED5-A12B-E5BBECB4C712}"
EndProject
Project("{FAE04EC0-301F-11D3-BF4B-00C04F79EFBC}") = "Tyuiu.ZheleznyakDN.Sprint2.Task0.V5.Lib", "Tyuiu.ZheleznyakDN.Sprint2.Task0.V5.Lib\Tyuiu.ZheleznyakDN.Sprint2.Task0.V5.Lib.csproj", "{96354F7D-0C41-4306-8598-D8BE9978BBC2}"
EndProject
Project("{FAE04EC0-301F-11D3-BF4B-00C04F79EFBC}") = "Tyuiu.ZheleznyakDN.Sprint2.Task0.V5.Test", "Tyuiu.ZheleznyakDN.Sprint2.Task0.V5.Test\Tyuiu.ZheleznyakDN.Sprint2.Task0.V5.Test.csproj", "{70747CBA-9691-42B5-B8F7-6E748F5036F5}"
EndProject
Project("{2150E333-8FDC-42A3-9474-1A3956D46DE8}") = "Task1", "Task1", "{B5B838F5-1CE9-4BD6-A680-1C9EBCB14C52}"
EndProject
Project("{FAE04EC0-301F-11D3-BF4B-00C04F79EFBC}") = "Tyuiu.ZheleznyakDN.Sprint2.Task1.V29", "Tyuiu.ZheleznyakDN.Sprint2.Task1.V29\Tyuiu.ZheleznyakDN.Sprint2.Task1.V29.csproj", "{03272E5C-96AA-417D-B368-00A65D1DFBB9}"
EndProject
Project("{FAE04EC0-301F-11D3-BF4B-00C04F79EFBC}") = "Tyuiu.ZheleznyakDN.Sprint2.Task1.V29.Test", "Tyuiu.ZheleznyakDN.Sprint2.Task1.V29.Test\Tyuiu.ZheleznyakDN.Sprint2.Task1.V29.Test.csproj", "{420EFE2B-9AEC-4A38-A591-3261A751276B}"
EndProject
Project("{FAE04EC0-301F-11D3-BF4B-00C04F79EFBC}") = "Tyuiu.ZheleznyakDN.Sprint2.Task1.V29.Lib", "Tyuiu.ZheleznyakDN.Sprint2.Task1.V29.Lib\Tyuiu.ZheleznyakDN.Sprint2.Task1.V29.Lib.csproj", "{FE46B50B-A93E-4F06-84AE-DA54C920B0BD}"
EndProject
Project("{2150E333-8FDC-42A3-9474-1A3956D46DE8}") = "Task2", "Task2", "{931C8D5A-F0FA-44E2-9E6C-CAA83BA3C12B}"
EndProject
Project("{FAE04EC0-301F-11D3-BF4B-00C04F79EFBC}") = "Tyuiu.ZheleznyakDN.Sprint2.Task2.V4", "Tyuiu.ZheleznyakDN.Sprint2.Task2.V4\Tyuiu.ZheleznyakDN.Sprint2.Task2.V4.csproj", "{21346425-D4A7-4938-8D67-A1C476B4C09E}"
EndProject
Project("{FAE04EC0-301F-11D3-BF4B-00C04F79EFBC}") = "Tyuiu.ZheleznyakDN.Sprint2.Task2.V4.Test", "Tyuiu.ZheleznyakDN.Sprint2.Task2.V4.Test\Tyuiu.ZheleznyakDN.Sprint2.Task2.V4.Test.csproj", "{3E7AEA1E-424E-4585-AE2E-3FB0A3F9A99E}"
EndProject
Project("{FAE04EC0-301F-11D3-BF4B-00C04F79EFBC}") = "Tyuiu.ZheleznyakDN.Sprint2.Task2.V4.Lib", "Tyuiu.ZheleznyakDN.Sprint2.Task2.V4.Lib\Tyuiu.ZheleznyakDN.Sprint2.Task2.V4.Lib.csproj", "{EA56838E-5938-4F26-A97A-3233B5BF985D}"
EndProject
Project("{2150E333-8FDC-42A3-9474-1A3956D46DE8}") = "Task3", "Task3", "{8F434C40-09DA-4E07-AC91-E1BD2032E56C}"
EndProject
Project("{FAE04EC0-301F-11D3-BF4B-00C04F79EFBC}") = "Tyuiu.ZheleznyakDN.Sprint2.Task3.V9", "Tyuiu.ZheleznyakDN.Sprint2.Task3.V9\Tyuiu.ZheleznyakDN.Sprint2.Task3.V9.csproj", "{29431B52-3B26-4FBD-AA6A-2E15A44FCB7A}"
EndProject
Project("{FAE04EC0-301F-11D3-BF4B-00C04F79EFBC}") = "Tyuiu.ZheleznyakDN.Sprint2.Task3.V9.Lib", "Tyuiu.ZheleznyakDN.Sprint2.Task3.V9.Lib\Tyuiu.ZheleznyakDN.Sprint2.Task3.V9.Lib.csproj", "{3C66DFE1-C41E-4AA5-AD61-8558D301ABC3}"
EndProject
Project("{FAE04EC0-301F-11D3-BF4B-00C04F79EFBC}") = "Tyuiu.ZheleznyakDN.Sprint2.Task3.V9.Test", "Tyuiu.ZheleznyakDN.Sprint2.Task3.V9.Test\Tyuiu.ZheleznyakDN.Sprint2.Task3.V9.Test.csproj", "{A1A7D355-E46B-4F81-8460-BAA5D4E3AD7E}"
EndProject
Project("{2150E333-8FDC-42A3-9474-1A3956D46DE8}") = "Task4", "Task4", "{3A66DA25-D566-43AE-B7C2-D41ADF5821F0}"
EndProject
Project("{FAE04EC0-301F-11D3-BF4B-00C04F79EFBC}") = "Tyuiu.ZheleznyakDN.Sprint2.Task4.V17", "Tyuiu.ZheleznyakDN.Sprint2.Task4.V17\Tyuiu.ZheleznyakDN.Sprint2.Task4.V17.csproj", "{0D4901A3-85DB-4CA6-AB5B-0E6403F43BFF}"
EndProject
Project("{FAE04EC0-301F-11D3-BF4B-00C04F79EFBC}") = "Tyuiu.ZheleznyakDN.Sprint2.Task4.V17.Lib", "Tyuiu.ZheleznyakDN.Sprint2.Task4.V17.Lib\Tyuiu.ZheleznyakDN.Sprint2.Task4.V17.Lib.csproj", "{B3CE5400-3964-4B67-998D-F45105011C55}"
EndProject
Project("{FAE04EC0-301F-11D3-BF4B-00C04F79EFBC}") = "Tyuiu.ZheleznyakDN.Sprint2.Task4.V17.Test", "Tyuiu.ZheleznyakDN.Sprint2.Task4.V17.Test\Tyuiu.ZheleznyakDN.Sprint2.Task4.V17.Test.csproj", "{DF873C13-454C-4E6E-AC06-C291C5AFB4CB}"
EndProject
Project("{2150E333-8FDC-42A3-9474-1A3956D46DE8}") = "Task5", "Task5", "{CEAE5024-BBC9-40AD-9573-9C7A7ACB619E}"
EndProject
Project("{FAE04EC0-301F-11D3-BF4B-00C04F79EFBC}") = "Tyuiu.ZheleznyakDN.Sprint2.Task5.V13", "Tyuiu.ZheleznyakDN.Sprint2.Task5.V13\Tyuiu.ZheleznyakDN.Sprint2.Task5.V13.csproj", "{5557DFF5-7777-4DFF-8BD9-6B6B4C3447B3}"
EndProject
Project("{FAE04EC0-301F-11D3-BF4B-00C04F79EFBC}") = "Tyuiu.ZheleznyakDN.Sprint2.Task5.V13.Lib", "Tyuiu.ZheleznyakDN.Sprint2.Task5.V13.Lib\Tyuiu.ZheleznyakDN.Sprint2.Task5.V13.Lib.csproj", "{0AA12A7C-54B7-4DC0-9632-50C42FF1AF5E}"
EndProject
Project("{FAE04EC0-301F-11D3-BF4B-00C04F79EFBC}") = "Tyuiu.ZheleznyakDN.Sprint2.Task5.V13.Test", "Tyuiu.ZheleznyakDN.Sprint2.Task5.V13.Test\Tyuiu.ZheleznyakDN.Sprint2.Task5.V13.Test.csproj", "{CC16D21A-A2B1-495A-A03A-FBE087BDB10B}"
EndProject
Project("{2150E333-8FDC-42A3-9474-1A3956D46DE8}") = "Task6", "Task6", "{6EF91FAD-ADA9-4B88-ACDB-F3AFE6AC87FB}"
EndProject
Project("{FAE04EC0-301F-11D3-BF4B-00C04F79EFBC}") = "Tyuiu.ZheleznyakDN.Sprint2.Task6.V14", "Tyuiu.ZheleznyakDN.Sprint2.Task6.V14\Tyuiu.ZheleznyakDN.Sprint2.Task6.V14.csproj", "{F9997031-5955-42C0-971E-C15F2A7BEC10}"
EndProject
Project("{FAE04EC0-301F-11D3-BF4B-00C04F79EFBC}") = "Tyuiu.ZheleznyakDN.Sprint2.Task6.V14.Lib", "Tyuiu.ZheleznyakDN.Sprint2.Task6.V14.Lib\Tyuiu.ZheleznyakDN.Sprint2.Task6.V14.Lib.csproj", "{07B4D38B-9523-4E64-BE31-0BD27271E522}"
EndProject
Project("{FAE04EC0-301F-11D3-BF4B-00C04F79EFBC}") = "Tyuiu.ZheleznyakDN.Sprint2.Task6.V14.Test", "Tyuiu.ZheleznyakDN.Sprint2.Task6.V14.Test\Tyuiu.ZheleznyakDN.Sprint2.Task6.V14.Test.csproj", "{A4CBB77F-6BA8-42B1-9567-C00E4C87C4D0}"
EndProject
Global
	GlobalSection(SolutionConfigurationPlatforms) = preSolution
		Debug|Any CPU = Debug|Any CPU
		Release|Any CPU = Release|Any CPU
	EndGlobalSection
	GlobalSection(ProjectConfigurationPlatforms) = postSolution
		{4128301F-CC88-4ED5-A12B-E5BBECB4C712}.Debug|Any CPU.ActiveCfg = Debug|Any CPU
		{4128301F-CC88-4ED5-A12B-E5BBECB4C712}.Debug|Any CPU.Build.0 = Debug|Any CPU
		{4128301F-CC88-4ED5-A12B-E5BBECB4C712}.Release|Any CPU.ActiveCfg = Release|Any CPU
		{4128301F-CC88-4ED5-A12B-E5BBECB4C712}.Release|Any CPU.Build.0 = Release|Any CPU
		{96354F7D-0C41-4306-8598-D8BE9978BBC2}.Debug|Any CPU.ActiveCfg = Debug|Any CPU
		{96354F7D-0C41-4306-8598-D8BE9978BBC2}.Debug|Any CPU.Build.0 = Debug|Any CPU
		{96354F7D-0C41-4306-8598-D8BE9978BBC2}.Release|Any CPU.ActiveCfg = Release|Any CPU
		{96354F7D-0C41-4306-8598-D8BE9978BBC2}.Release|Any CPU.Build.0 = Release|Any CPU
		{70747CBA-9691-42B5-B8F7-6E748F5036F5}.Debug|Any CPU.ActiveCfg = Debug|Any CPU
		{70747CBA-9691-42B5-B8F7-6E748F5036F5}.Debug|Any CPU.Build.0 = Debug|Any CPU
		{70747CBA-9691-42B5-B8F7-6E748F5036F5}.Release|Any CPU.ActiveCfg = Release|Any CPU
		{70747CBA-9691-42B5-B8F7-6E748F5036F5}.Release|Any CPU.Build.0 = Release|Any CPU
		{03272E5C-96AA-417D-B368-00A65D1DFBB9}.Debug|Any CPU.ActiveCfg = Debug|Any CPU
		{03272E5C-96AA-417D-B368-00A65D1DFBB9}.Debug|Any CPU.Build.0 = Debug|Any CPU
		{03272E5C-96AA-417D-B368-00A65D1DFBB9}.Release|Any CPU.ActiveCfg = Release|Any CPU
		{03272E5C-96AA-417D-B368-00A65D1DFBB9}.Release|Any CPU.Build.0 = Release|Any CPU
		{420EFE2B-9AEC-4A38-A591-3261A751276B}.Debug|Any CPU.ActiveCfg = Debug|Any CPU
		{420EFE2B-9AEC-4A38-A591-3261A751276B}.Debug|Any CPU.Build.0 = Debug|Any CPU
		{420EFE2B-9AEC-4A38-A591-3261A751276B}.Release|Any CPU.ActiveCfg = Release|Any CPU
		{420EFE2B-9AEC-4A38-A591-3261A751276B}.Release|Any CPU.Build.0 = Release|Any CPU
		{FE46B50B-A93E-4F06-84AE-DA54C920B0BD}.Debug|Any CPU.ActiveCfg = Debug|Any CPU
		{FE46B50B-A93E-4F06-84AE-DA54C920B0BD}.Debug|Any CPU.Build.0 = Debug|Any CPU
		{FE46B50B-A93E-4F06-84AE-DA54C920B0BD}.Release|Any CPU.ActiveCfg = Release|Any CPU
		{FE46B50B-A93E-4F06-84AE-DA54C920B0BD}.Release|Any CPU.Build.0 = Release|Any CPU
		{21346425-D4A7-4938-8D67-A1C476B4C09E}.Debug|Any CPU.ActiveCfg = Debug|Any CPU
		{21346425-D4A7-4938-8D67-A1C476B4C09E}.Debug|Any CPU.Build.0 = Debug|Any CPU
		{21346425-D4A7-4938-8D67-A1C476B4C09E}.Release|Any CPU.ActiveCfg = Release|Any CPU
		{21346425-D4A7-4938-8D67-A1C476B4C09E}.Release|Any CPU.Build.0 = Release|Any CPU
		{3E7AEA1E-424E-4585-AE2E-3FB0A3F9A99E}.Debug|Any CPU.ActiveCfg = Debug|Any CPU
		{3E7AEA1E-424E-4585-AE2E-3FB0A3F9A99E}.Debug|Any CPU.Build.0 = Debug|Any CPU
		{3E7AEA1E-424E-4585-AE2E-3FB0A3F9A99E}.Release|Any CPU.ActiveCfg = Release|Any CPU
		{3E7AEA1E-424E-4585-AE2E-3FB0A3F9A99E}.Release|Any CPU.Build.0 = Release|Any CPU
		{EA56838E-5938-4F26-A97A-3233B5BF985D}.Debug|Any CPU.ActiveCfg = Debug|Any CPU
		{EA56838E-5938-4F26-A97A-3233B5BF985D}.Debug|Any CPU.Build.0 = Debug|Any CPU
		{EA56838E-5938-4F26-A97A-3233B5BF985D}.Release|Any CPU.ActiveCfg = Release|Any CPU
		{EA56838E-5938-4F26-A97A-3233B5BF985D}.Release|Any CPU.Build.0 = Release|Any CPU
		{29431B52-3B26-4FBD-AA6A-2E15A44FCB7A}.Debug|Any CPU.ActiveCfg = Debug|Any CPU
		{29431B52-3B26-4FBD-AA6A-2E15A44FCB7A}.Debug|Any CPU.Build.0 = Debug|Any CPU
		{29431B52-3B26-4FBD-AA6A-2E15A44FCB7A}.Release|Any CPU.ActiveCfg = Release|Any CPU
		{29431B52-3B26-4FBD-AA6A-2E15A44FCB7A}.Release|Any CPU.Build.0 = Release|Any CPU
		{3C66DFE1-C41E-4AA5-AD61-8558D301ABC3}.Debug|Any CPU.ActiveCfg = Debug|Any CPU
		{3C66DFE1-C41E-4AA5-AD61-8558D301ABC3}.Debug|Any CPU.Build.0 = Debug|Any CPU
		{3C66DFE1-C41E-4AA5-AD61-8558D301ABC3}.Release|Any CPU.ActiveCfg = Release|Any CPU
		{3C66DFE1-C41E-4AA5-AD61-8558D301ABC3}.Release|Any CPU.Build.0 = Release|Any CPU
		{A1A7D355-E46B-4F81-8460-BAA5D4E3AD7E}.Debug|Any CPU.ActiveCfg = Debug|Any CPU
		{A1A7D355-E46B-4F81-8460-BAA5D4E3AD7E}.Debug|Any CPU.Build.0 = Debug|Any CPU
		{A1A7D355-E46B-4F81-8460-BAA5D4E3AD7E}.Release|Any CPU.ActiveCfg = Release|Any CPU
		{A1A7D355-E46B-4F81-8460-BAA5D4E3AD7E}.Release|Any CPU.Build.0 = Release|Any CPU
		{0D4901A3-85DB-4CA6-AB5B-0E6403F43BFF}.Debug|Any CPU.ActiveCfg = Debug|Any CPU
		{0D4901A3-85DB-4CA6-AB5B-0E6403F43BFF}.Debug|Any CPU.Build.0 = Debug|Any CPU
		{0D4901A3-85DB-4CA6-AB5B-0E6403F43BFF}.Release|Any CPU.ActiveCfg = Release|Any CPU
		{0D4901A3-85DB-4CA6-AB5B-0E6403F43BFF}.Release|Any CPU.Build.0 = Release|Any CPU
		{B3CE5400-3964-4B67-998D-F45105011C55}.Debug|Any CPU.ActiveCfg = Debug|Any CPU
		{B3CE5400-3964-4B67-998D-F45105011C55}.Debug|Any CPU.Build.0 = Debug|Any CPU
		{B3CE5400-3964-4B67-998D-F45105011C55}.Release|Any CPU.ActiveCfg = Release|Any CPU
		{B3CE5400-3964-4B67-998D-F45105011C55}.Release|Any CPU.Build.0 = Release|Any CPU
		{DF873C13-454C-4E6E-AC06-C291C5AFB4CB}.Debug|Any CPU.ActiveCfg = Debug|Any CPU
		{DF873C13-454C-4E6E-AC06-C291C5AFB4CB}.Debug|Any CPU.Build.0 = Debug|Any CPU
		{DF873C13-454C-4E6E-AC06-C291C5AFB4CB}.Release|Any CPU.ActiveCfg = Release|Any CPU
		{DF873C13-454C-4E6E-AC06-C291C5AFB4CB}.Release|Any CPU.Build.0 = Release|Any CPU
		{5557DFF5-7777-4DFF-8BD9-6B6B4C3447B3}.Debug|Any CPU.ActiveCfg = Debug|Any CPU
		{5557DFF5-7777-4DFF-8BD9-6B6B4C3447B3}.Debug|Any CPU.Build.0 = Debug|Any CPU
		{5557DFF5-7777-4DFF-8BD9-6B6B4C3447B3}.Release|Any CPU.ActiveCfg = Release|Any CPU
		{5557DFF5-7777-4DFF-8BD9-6B6B4C3447B3}.Release|Any CPU.Build.0 = Release|Any CPU
		{0AA12A7C-54B7-4DC0-9632-50C42FF1AF5E}.Debug|Any CPU.ActiveCfg = Debug|Any CPU
		{0AA12A7C-54B7-4DC0-9632-50C42FF1AF5E}.Debug|Any CPU.Build.0 = Debug|Any CPU
		{0AA12A7C-54B7-4DC0-9632-50C42FF1AF5E}.Release|Any CPU.ActiveCfg = Release|Any CPU
		{0AA12A7C-54B7-4DC0-9632-50C42FF1AF5E}.Release|Any CPU.Build.0 = Release|Any CPU
		{CC16D21A-A2B1-495A-A03A-FBE087BDB10B}.Debug|Any CPU.ActiveCfg = Debug|Any CPU
		{CC16D21A-A2B1-495A-A03A-FBE087BDB10B}.Debug|Any CPU.Build.0 = Debug|Any CPU
		{CC16D21A-A2B1-495A-A03A-FBE087BDB10B}.Release|Any CPU.ActiveCfg = Release|Any CPU
		{CC16D21A-A2B1-495A-A03A-FBE087BDB10B}.Release|Any CPU.Build.0 = Release|Any CPU
		{F9997031-5955-42C0-971E-C15F2A7BEC10}.Debug|Any CPU.ActiveCfg = Debug|Any CPU
		{F9997031-5955-42C0-971E-C15F2A7BEC10}.Debug|Any CPU.Build.0 = Debug|Any CPU
		{F9997031-5955-42C0-971E-C15F2A7BEC10}.Release|Any CPU.ActiveCfg = Release|Any CPU
		{F9997031-5955-42C0-971E-C15F2A7BEC10}.Release|Any CPU.Build.0 = Release|Any CPU
		{07B4D38B-9523-4E64-BE31-0BD27271E522}.Debug|Any CPU.ActiveCfg = Debug|Any CPU
		{07B4D38B-9523-4E64-BE31-0BD27271E522}.Debug|Any CPU.Build.0 = Debug|Any CPU
		{07B4D38B-9523-4E64-BE31-0BD27271E522}.Release|Any CPU.ActiveCfg = Release|Any CPU
		{07B4D38B-9523-4E64-BE31-0BD27271E522}.Release|Any CPU.Build.0 = Release|Any CPU
		{A4CBB77F-6BA8-42B1-9567-C00E4C87C4D0}.Debug|Any CPU.ActiveCfg = Debug|Any CPU
		{A4CBB77F-6BA8-42B1-9567-C00E4C87C4D0}.Debug|Any CPU.Build.0 = Debug|Any CPU
		{A4CBB77F-6BA8-42B1-9567-C00E4C87C4D0}.Release|Any CPU.ActiveCfg = Release|Any CPU
		{A4CBB77F-6BA8-42B1-9567-C00E4C87C4D0}.Release|Any CPU.Build.0 = Release|Any CPU
	EndGlobalSection
	GlobalSection(SolutionProperties) = preSolution
		HideSolutionNode = FALSE
	EndGlobalSection
	GlobalSection(NestedProjects) = preSolution
		{4128301F-CC88-4ED5-A12B-E5BBECB4C712} = {02EA681E-C7D8-13C7-8484-4AC65E1B71E8}
		{96354F7D-0C41-4306-8598-D8BE9978BBC2} = {02EA681E-C7D8-13C7-8484-4AC65E1B71E8}
		{70747CBA-9691-42B5-B8F7-6E748F5036F5} = {02EA681E-C7D8-13C7-8484-4AC65E1B71E8}
		{03272E5C-96AA-417D-B368-00A65D1DFBB9} = {B5B838F5-1CE9-4BD6-A680-1C9EBCB14C52}
		{420EFE2B-9AEC-4A38-A591-3261A751276B} = {B5B838F5-1CE9-4BD6-A680-1C9EBCB14C52}
		{FE46B50B-A93E-4F06-84AE-DA54C920B0BD} = {B5B838F5-1CE9-4BD6-A680-1C9EBCB14C52}
		{21346425-D4A7-4938-8D67-A1C476B4C09E} = {931C8D5A-F0FA-44E2-9E6C-CAA83BA3C12B}
		{3E7AEA1E-424E-4585-AE2E-3FB0A3F9A99E} = {931C8D5A-F0FA-44E2-9E6C-CAA83BA3C12B}
		{EA56838E-5938-4F26-A97A-3233B5BF985D} = {931C8D5A-F0FA-44E2-9E6C-CAA83BA3C12B}
		{29431B52-3B26-4FBD-AA6A-2E15A44FCB7A} = {8F434C40-09DA-4E07-AC91-E1BD2032E56C}
		{3C66DFE1-C41E-4AA5-AD61-8558D301ABC3} = {8F434C40-09DA-4E07-AC91-E1BD2032E56C}
		{A1A7D355-E46B-4F81-8460-BAA5D4E3AD7E} = {8F434C40-09DA-4E07-AC91-E1BD2032E56C}
		{0D4901A3-85DB-4CA6-AB5B-0E6403F43BFF} = {3A66DA25-D566-43AE-B7C2-D41ADF5821F0}
		{B3CE5400-3964-4B67-998D-F45105011C55} = {3A66DA25-D566-43AE-B7C2-D41ADF5821F0}
		{DF873C13-454C-4E6E-AC06-C291C5AFB4CB} = {3A66DA25-D566-43AE-B7C2-D41ADF5821F0}
		{5557DFF5-7777-4DFF-8BD9-6B6B4C3447B3} = {CEAE5024-BBC9-40AD-9573-9C7A7ACB619E}
		{0AA12A7C-54B7-4DC0-9632-50C42FF1AF5E} = {CEAE5024-BBC9-40AD-9573-9C7A7ACB619E}
		{CC16D21A-A2B1-495A-A03A-FBE087BDB10B} = {CEAE5024-BBC9-40AD-9573-9C7A7ACB619E}
		{F9997031-5955-42C0-971E-C15F2A7BEC10} = {6EF91FAD-ADA9-4B88-ACDB-F3AFE6AC87FB}
		{07B4D38B-9523-4E64-BE31-0BD27271E522} = {6EF91FAD-ADA9-4B88-ACDB-F3AFE6AC87FB}
		{A4CBB77F-6BA8-42B1-9567-C00E4C87C4D0} = {6EF91FAD-ADA9-4B88-ACDB-F3AFE6AC87FB}
	EndGlobalSection
	GlobalSection(ExtensibilityGlobals) = postSolution
		SolutionGuid = {1EBAA881-6A81-4EB2-BB67-11FEB027C1CD}
	EndGlobalSection
EndGlobal
